
Microsoft Visual Studio Solution File, Format Version 12.00
Project("{2150E333-8FDC-42A3-9474-1A3956D46DE8}") = "Source", "Source", "{FD235BA9-EEC2-465B-8706-8CB846DE53F9}"
EndProject
Project("{2150E333-8FDC-42A3-9474-1A3956D46DE8}") = "API", "API", "{4ED7AD81-BF06-414E-A84B-666500E7730B}"
EndProject
Project("{FAE04EC0-301F-11D3-BF4B-00C04F79EFBC}") = "MorningPatch.API", "Source\API\MorningPatch.API\MorningPatch.API.csproj", "{6F00560D-6984-421D-99D0-92E2FFE8A61C}"
EndProject
Project("{2150E333-8FDC-42A3-9474-1A3956D46DE8}") = "Core", "Core", "{BDDB63DA-C69F-4993-8B31-971C2F3FB663}"
EndProject
Project("{FAE04EC0-301F-11D3-BF4B-00C04F79EFBC}") = "MorningPatch.Domain", "Source\Core\MorningPatch.Domain\MorningPatch.Domain.csproj", "{388BFAB5-7F11-4B90-AA3C-9E754C75BDA1}"
EndProject
Global
	GlobalSection(SolutionConfigurationPlatforms) = preSolution
		Debug|Any CPU = Debug|Any CPU
		Release|Any CPU = Release|Any CPU
	EndGlobalSection
	GlobalSection(NestedProjects) = preSolution
		{4ED7AD81-BF06-414E-A84B-666500E7730B} = {FD235BA9-EEC2-465B-8706-8CB846DE53F9}
		{6F00560D-6984-421D-99D0-92E2FFE8A61C} = {4ED7AD81-BF06-414E-A84B-666500E7730B}
		{BDDB63DA-C69F-4993-8B31-971C2F3FB663} = {FD235BA9-EEC2-465B-8706-8CB846DE53F9}
		{388BFAB5-7F11-4B90-AA3C-9E754C75BDA1} = {BDDB63DA-C69F-4993-8B31-971C2F3FB663}
	EndGlobalSection
	GlobalSection(ProjectConfigurationPlatforms) = postSolution
		{6F00560D-6984-421D-99D0-92E2FFE8A61C}.Debug|Any CPU.ActiveCfg = Debug|Any CPU
		{6F00560D-6984-421D-99D0-92E2FFE8A61C}.Debug|Any CPU.Build.0 = Debug|Any CPU
		{6F00560D-6984-421D-99D0-92E2FFE8A61C}.Release|Any CPU.ActiveCfg = Release|Any CPU
		{6F00560D-6984-421D-99D0-92E2FFE8A61C}.Release|Any CPU.Build.0 = Release|Any CPU
		{388BFAB5-7F11-4B90-AA3C-9E754C75BDA1}.Debug|Any CPU.ActiveCfg = Debug|Any CPU
		{388BFAB5-7F11-4B90-AA3C-9E754C75BDA1}.Debug|Any CPU.Build.0 = Debug|Any CPU
		{388BFAB5-7F11-4B90-AA3C-9E754C75BDA1}.Release|Any CPU.ActiveCfg = Release|Any CPU
		{388BFAB5-7F11-4B90-AA3C-9E754C75BDA1}.Release|Any CPU.Build.0 = Release|Any CPU
	EndGlobalSection
EndGlobal
