
Microsoft Visual Studio Solution File, Format Version 12.00
Project("{2150E333-8FDC-42A3-9474-1A3956D46DE8}") = "Source", "Source", "{FD235BA9-EEC2-465B-8706-8CB846DE53F9}"
EndProject
Project("{2150E333-8FDC-42A3-9474-1A3956D46DE8}") = "API", "API", "{4ED7AD81-BF06-414E-A84B-666500E7730B}"
EndProject
Project("{FAE04EC0-301F-11D3-BF4B-00C04F79EFBC}") = "MorningPatch.API", "Source\API\MorningPatch.API\MorningPatch.API.csproj", "{6F00560D-6984-421D-99D0-92E2FFE8A61C}"
EndProject
Project("{2150E333-8FDC-42A3-9474-1A3956D46DE8}") = "Core", "Core", "{BDDB63DA-C69F-4993-8B31-971C2F3FB663}"
EndProject
Project("{FAE04EC0-301F-11D3-BF4B-00C04F79EFBC}") = "MorningPatch.Domain", "Source\Core\MorningPatch.Domain\MorningPatch.Domain.csproj", "{388BFAB5-7F11-4B90-AA3C-9E754C75BDA1}"
EndProject
Project("{FAE04EC0-301F-11D3-BF4B-00C04F79EFBC}") = "MorningPatch.Application", "Source\Core\MorningPatch.Application\MorningPatch.Application.csproj", "{461BE93F-4F07-4E11-B3AA-F3EA740A5D85}"
EndProject
Project("{2150E333-8FDC-42A3-9474-1A3956D46DE8}") = "Test", "Test", "{4ADBACFF-250B-41A7-BB49-8BB5CC9447DD}"
EndProject
Project("{2150E333-8FDC-42A3-9474-1A3956D46DE8}") = "API", "API", "{29A44670-59BB-45B7-9746-14BECCDD2AE7}"
EndProject
Project("{FAE04EC0-301F-11D3-BF4B-00C04F79EFBC}") = "MorningPatch.API.IntegrationTest", "Test\API\MorningPatch.API.IntegrationTest\MorningPatch.API.IntegrationTest.csproj", "{5CE97BE1-8D34-4E61-97EB-A3A435BC958E}"
EndProject
Project("{2150E333-8FDC-42A3-9474-1A3956D46DE8}") = "Core", "Core", "{75E3732F-6C55-4A64-B5F8-E7042E22F481}"
EndProject
Project("{FAE04EC0-301F-11D3-BF4B-00C04F79EFBC}") = "MorningPatch.Domain.UnitTest", "Test\Core\MorningPatch.Domain.UnitTest\MorningPatch.Domain.UnitTest.csproj", "{924CC1E4-D482-43FA-9F43-41EA973C75C8}"
EndProject
Project("{FAE04EC0-301F-11D3-BF4B-00C04F79EFBC}") = "MorningPatch.Application.UnitTest", "Test\Core\MorningPatch.Application.UnitTest\MorningPatch.Application.UnitTest.csproj", "{A2C92D36-D9F3-484B-9C7A-71E2E15C8CD0}"
EndProject
Project("{2150E333-8FDC-42A3-9474-1A3956D46DE8}") = "Infrastructure", "Infrastructure", "{6ED5BE67-73A7-49E7-BCE4-BE3A9DA55891}"
EndProject
Project("{FAE04EC0-301F-11D3-BF4B-00C04F79EFBC}") = "MorningPatch.Persistence", "Source\Infrastructure\MorningPatch.Persistence\MorningPatch.Persistence.csproj", "{E136E4AC-128A-46AE-AAFF-C1F7FF82848E}"
EndProject
Global
	GlobalSection(SolutionConfigurationPlatforms) = preSolution
		Debug|Any CPU = Debug|Any CPU
		Release|Any CPU = Release|Any CPU
	EndGlobalSection
	GlobalSection(NestedProjects) = preSolution
		{4ED7AD81-BF06-414E-A84B-666500E7730B} = {FD235BA9-EEC2-465B-8706-8CB846DE53F9}
		{6F00560D-6984-421D-99D0-92E2FFE8A61C} = {4ED7AD81-BF06-414E-A84B-666500E7730B}
		{BDDB63DA-C69F-4993-8B31-971C2F3FB663} = {FD235BA9-EEC2-465B-8706-8CB846DE53F9}
		{388BFAB5-7F11-4B90-AA3C-9E754C75BDA1} = {BDDB63DA-C69F-4993-8B31-971C2F3FB663}
		{461BE93F-4F07-4E11-B3AA-F3EA740A5D85} = {BDDB63DA-C69F-4993-8B31-971C2F3FB663}
		{29A44670-59BB-45B7-9746-14BECCDD2AE7} = {4ADBACFF-250B-41A7-BB49-8BB5CC9447DD}
		{5CE97BE1-8D34-4E61-97EB-A3A435BC958E} = {29A44670-59BB-45B7-9746-14BECCDD2AE7}
		{75E3732F-6C55-4A64-B5F8-E7042E22F481} = {4ADBACFF-250B-41A7-BB49-8BB5CC9447DD}
		{924CC1E4-D482-43FA-9F43-41EA973C75C8} = {75E3732F-6C55-4A64-B5F8-E7042E22F481}
		{A2C92D36-D9F3-484B-9C7A-71E2E15C8CD0} = {75E3732F-6C55-4A64-B5F8-E7042E22F481}
		{6ED5BE67-73A7-49E7-BCE4-BE3A9DA55891} = {FD235BA9-EEC2-465B-8706-8CB846DE53F9}
		{E136E4AC-128A-46AE-AAFF-C1F7FF82848E} = {6ED5BE67-73A7-49E7-BCE4-BE3A9DA55891}
	EndGlobalSection
	GlobalSection(ProjectConfigurationPlatforms) = postSolution
		{6F00560D-6984-421D-99D0-92E2FFE8A61C}.Debug|Any CPU.ActiveCfg = Debug|Any CPU
		{6F00560D-6984-421D-99D0-92E2FFE8A61C}.Debug|Any CPU.Build.0 = Debug|Any CPU
		{6F00560D-6984-421D-99D0-92E2FFE8A61C}.Release|Any CPU.ActiveCfg = Release|Any CPU
		{6F00560D-6984-421D-99D0-92E2FFE8A61C}.Release|Any CPU.Build.0 = Release|Any CPU
		{388BFAB5-7F11-4B90-AA3C-9E754C75BDA1}.Debug|Any CPU.ActiveCfg = Debug|Any CPU
		{388BFAB5-7F11-4B90-AA3C-9E754C75BDA1}.Debug|Any CPU.Build.0 = Debug|Any CPU
		{388BFAB5-7F11-4B90-AA3C-9E754C75BDA1}.Release|Any CPU.ActiveCfg = Release|Any CPU
		{388BFAB5-7F11-4B90-AA3C-9E754C75BDA1}.Release|Any CPU.Build.0 = Release|Any CPU
		{461BE93F-4F07-4E11-B3AA-F3EA740A5D85}.Debug|Any CPU.ActiveCfg = Debug|Any CPU
		{461BE93F-4F07-4E11-B3AA-F3EA740A5D85}.Debug|Any CPU.Build.0 = Debug|Any CPU
		{461BE93F-4F07-4E11-B3AA-F3EA740A5D85}.Release|Any CPU.ActiveCfg = Release|Any CPU
		{461BE93F-4F07-4E11-B3AA-F3EA740A5D85}.Release|Any CPU.Build.0 = Release|Any CPU
		{5CE97BE1-8D34-4E61-97EB-A3A435BC958E}.Debug|Any CPU.ActiveCfg = Debug|Any CPU
		{5CE97BE1-8D34-4E61-97EB-A3A435BC958E}.Debug|Any CPU.Build.0 = Debug|Any CPU
		{5CE97BE1-8D34-4E61-97EB-A3A435BC958E}.Release|Any CPU.ActiveCfg = Release|Any CPU
		{5CE97BE1-8D34-4E61-97EB-A3A435BC958E}.Release|Any CPU.Build.0 = Release|Any CPU
		{924CC1E4-D482-43FA-9F43-41EA973C75C8}.Debug|Any CPU.ActiveCfg = Debug|Any CPU
		{924CC1E4-D482-43FA-9F43-41EA973C75C8}.Debug|Any CPU.Build.0 = Debug|Any CPU
		{924CC1E4-D482-43FA-9F43-41EA973C75C8}.Release|Any CPU.ActiveCfg = Release|Any CPU
		{924CC1E4-D482-43FA-9F43-41EA973C75C8}.Release|Any CPU.Build.0 = Release|Any CPU
		{A2C92D36-D9F3-484B-9C7A-71E2E15C8CD0}.Debug|Any CPU.ActiveCfg = Debug|Any CPU
		{A2C92D36-D9F3-484B-9C7A-71E2E15C8CD0}.Debug|Any CPU.Build.0 = Debug|Any CPU
		{A2C92D36-D9F3-484B-9C7A-71E2E15C8CD0}.Release|Any CPU.ActiveCfg = Release|Any CPU
		{A2C92D36-D9F3-484B-9C7A-71E2E15C8CD0}.Release|Any CPU.Build.0 = Release|Any CPU
		{E136E4AC-128A-46AE-AAFF-C1F7FF82848E}.Debug|Any CPU.ActiveCfg = Debug|Any CPU
		{E136E4AC-128A-46AE-AAFF-C1F7FF82848E}.Debug|Any CPU.Build.0 = Debug|Any CPU
		{E136E4AC-128A-46AE-AAFF-C1F7FF82848E}.Release|Any CPU.ActiveCfg = Release|Any CPU
		{E136E4AC-128A-46AE-AAFF-C1F7FF82848E}.Release|Any CPU.Build.0 = Release|Any CPU
	EndGlobalSection
EndGlobal
